{
  "name": "promise-origin-stack",
  "version": "0.1.0",
  "lockfileVersion": 1,
  "requires": true,
  "dependencies": {
    "@silvermine/eslint-config": {
      "version": "2.0.0-rc3",
      "resolved": "https://registry.npmjs.org/@silvermine/eslint-config/-/eslint-config-2.0.0-rc3.tgz",
      "integrity": "sha512-G8ZT2tRTdVseKMKPEnpkwK0IErf3iluDApWb4CAm8e1sldomNrg/xN+3+8uYbSUx5YS6olmXAQO7sd+Vn00ygg==",
      "dev": true,
      "requires": {
        "@silvermine/eslint-plugin-silvermine": "2.1.0",
        "eslint-plugin-typescript": "0.14.0",
        "typescript": "3.0.3",
        "typescript-eslint-parser": "17.0.1"
      }
    },
    "@silvermine/eslint-plugin-silvermine": {
      "version": "2.1.0",
      "resolved": "https://registry.npmjs.org/@silvermine/eslint-plugin-silvermine/-/eslint-plugin-silvermine-2.1.0.tgz",
      "integrity": "sha512-G60GNFxIQKMkvbKbiKpP24OOl47iNRWc6g83bv8mWaQsEwRY5MIJPJVe1kjV8vM0HcFoyBmBWKa1xXVu7B8BMw==",
      "dev": true,
      "requires": {
        "class.extend": "0.9.2",
        "lodash.assign": "4.2.0",
        "underscore": "1.8.3"
      }
    },
    "class.extend": {
      "version": "0.9.2",
      "resolved": "https://registry.npmjs.org/class.extend/-/class.extend-0.9.2.tgz",
      "integrity": "sha1-4cvaNpfLMdPNqxwAHSaQdckDH3g=",
      "dev": true
    },
    "eslint-plugin-typescript": {
      "version": "0.14.0",
      "resolved": "https://registry.npmjs.org/eslint-plugin-typescript/-/eslint-plugin-typescript-0.14.0.tgz",
      "integrity": "sha512-2u1WnnDF2mkWWgU1lFQ2RjypUlmRoBEvQN02y9u+IL12mjWlkKFGEBnVsjs9Y8190bfPQCvWly1c2rYYUSOxWw==",
      "dev": true,
      "requires": {
        "requireindex": "~1.1.0"
      }
    },
    "lodash.assign": {
      "version": "4.2.0",
      "resolved": "https://registry.npmjs.org/lodash.assign/-/lodash.assign-4.2.0.tgz",
      "integrity": "sha1-DZnzzNem0mHRm9rrkkUAXShYCOc=",
      "dev": true
    },
    "lodash.unescape": {
      "version": "4.0.1",
      "resolved": "https://registry.npmjs.org/lodash.unescape/-/lodash.unescape-4.0.1.tgz",
      "integrity": "sha1-vyJJiGzlFM2hEvrpIYzcBlIR/Jw=",
      "dev": true
    },
    "requireindex": {
      "version": "1.1.0",
      "resolved": "https://registry.npmjs.org/requireindex/-/requireindex-1.1.0.tgz",
      "integrity": "sha1-5UBLgVV+91225JxacgBIk/4D4WI=",
      "dev": true
    },
    "semver": {
      "version": "5.5.0",
      "resolved": "https://registry.npmjs.org/semver/-/semver-5.5.0.tgz",
      "integrity": "sha512-4SJ3dm0WAwWy/NVeioZh5AntkdJoWKxHxcmyP622fOkgHa4z3R0TdBJICINyaSDE6uNwVc8gZr+ZinwZAH4xIA==",
      "dev": true
    },
    "typescript": {
      "version": "3.0.3",
      "resolved": "https://registry.npmjs.org/typescript/-/typescript-3.0.3.tgz",
      "integrity": "sha512-kk80vLW9iGtjMnIv11qyxLqZm20UklzuR2tL0QAnDIygIUIemcZMxlMWudl9OOt76H3ntVzcTiddQ1/pAAJMYg==",
      "dev": true
    },
    "typescript-eslint-parser": {
      "version": "17.0.1",
      "resolved": "https://registry.npmjs.org/typescript-eslint-parser/-/typescript-eslint-parser-17.0.1.tgz",
      "integrity": "sha512-EPCOjxjnGqu9kQwH3CAwa1Jjty2Dn0FnehksVEmfZxXtkEK2Jerb2lnd/htsj1XooqEkKC5AzCaK+qOxHaBDBQ==",
      "dev": true,
      "requires": {
        "lodash.unescape": "4.0.1",
        "semver": "5.5.0"
      }
    },
    "underscore": {
      "version": "1.8.3",
      "resolved": "https://registry.npmjs.org/underscore/-/underscore-1.8.3.tgz",
      "integrity": "sha1-Tz+1OxBuYJf8+ctBCfKl6b36UCI=",
      "dev": true
    }
  }
}
